
Microsoft Visual Studio Solution File, Format Version 12.00
# Visual Studio Version 17
VisualStudioVersion = 17.0.31903.59
MinimumVisualStudioVersion = 10.0.40219.1
Project("{9A19103F-16F7-4668-BE54-9A1E7A4F7556}") = "BsaTroop53Editor.Web", "BsaTroop53Editor.Web\BsaTroop53Editor.Web.csproj", "{DA85CFA9-2532-40A3-A20A-B14CABD89363}"
EndProject
Project("{9A19103F-16F7-4668-BE54-9A1E7A4F7556}") = "BsaTroop53Editor.MarkdownContent", "BsaTroop53Editor.MarkdownContent\BsaTroop53Editor.MarkdownContent.csproj", "{13C1D19E-0B75-4710-A0C9-6CDAE2B2F572}"
EndProject
Project("{9A19103F-16F7-4668-BE54-9A1E7A4F7556}") = "BsaTroop53Editor.Tests", "BsaTroop53Editor.Tests\BsaTroop53Editor.Tests.csproj", "{6A29E658-1A5E-4C4C-81E5-2413C0258EF1}"
EndProject
Project("{9A19103F-16F7-4668-BE54-9A1E7A4F7556}") = "Seth.Analyzer", "..\SethCS\Seth.Analyzer\Seth.Analyzer.csproj", "{0EF56D37-4AAB-4274-A714-95E6292D216F}"
EndProject
Global
	GlobalSection(SolutionConfigurationPlatforms) = preSolution
		Debug|Any CPU = Debug|Any CPU
		Release|Any CPU = Release|Any CPU
	EndGlobalSection
	GlobalSection(ProjectConfigurationPlatforms) = postSolution
		{DA85CFA9-2532-40A3-A20A-B14CABD89363}.Debug|Any CPU.ActiveCfg = Debug|Any CPU
		{DA85CFA9-2532-40A3-A20A-B14CABD89363}.Debug|Any CPU.Build.0 = Debug|Any CPU
		{DA85CFA9-2532-40A3-A20A-B14CABD89363}.Release|Any CPU.ActiveCfg = Release|Any CPU
		{DA85CFA9-2532-40A3-A20A-B14CABD89363}.Release|Any CPU.Build.0 = Release|Any CPU
		{13C1D19E-0B75-4710-A0C9-6CDAE2B2F572}.Debug|Any CPU.ActiveCfg = Debug|Any CPU
		{13C1D19E-0B75-4710-A0C9-6CDAE2B2F572}.Debug|Any CPU.Build.0 = Debug|Any CPU
		{13C1D19E-0B75-4710-A0C9-6CDAE2B2F572}.Release|Any CPU.ActiveCfg = Release|Any CPU
		{13C1D19E-0B75-4710-A0C9-6CDAE2B2F572}.Release|Any CPU.Build.0 = Release|Any CPU
		{6A29E658-1A5E-4C4C-81E5-2413C0258EF1}.Debug|Any CPU.ActiveCfg = Debug|Any CPU
		{6A29E658-1A5E-4C4C-81E5-2413C0258EF1}.Debug|Any CPU.Build.0 = Debug|Any CPU
		{6A29E658-1A5E-4C4C-81E5-2413C0258EF1}.Release|Any CPU.ActiveCfg = Release|Any CPU
		{6A29E658-1A5E-4C4C-81E5-2413C0258EF1}.Release|Any CPU.Build.0 = Release|Any CPU
		{0EF56D37-4AAB-4274-A714-95E6292D216F}.Debug|Any CPU.ActiveCfg = Debug|Any CPU
		{0EF56D37-4AAB-4274-A714-95E6292D216F}.Debug|Any CPU.Build.0 = Debug|Any CPU
		{0EF56D37-4AAB-4274-A714-95E6292D216F}.Release|Any CPU.ActiveCfg = Release|Any CPU
		{0EF56D37-4AAB-4274-A714-95E6292D216F}.Release|Any CPU.Build.0 = Release|Any CPU
	EndGlobalSection
	GlobalSection(SolutionProperties) = preSolution
		HideSolutionNode = FALSE
	EndGlobalSection
	GlobalSection(ExtensibilityGlobals) = postSolution
		SolutionGuid = {80218BED-B733-467C-919F-FA6DF0473EA5}
	EndGlobalSection
EndGlobal
