
Microsoft Visual Studio Solution File, Format Version 12.00
# Visual Studio Version 17
VisualStudioVersion = 17.0.31903.59
MinimumVisualStudioVersion = 10.0.40219.1
Project("{9A19103F-16F7-4668-BE54-9A1E7A4F7556}") = "BsaTroop53Editor.Web", "BsaTroop53Editor.Web\BsaTroop53Editor.Web.csproj", "{DA85CFA9-2532-40A3-A20A-B14CABD89363}"
EndProject
Project("{9A19103F-16F7-4668-BE54-9A1E7A4F7556}") = "BsaTroop53Editor.MarkdownContent", "BsaTroop53Editor.MarkdownContent\BsaTroop53Editor.MarkdownContent.csproj", "{13C1D19E-0B75-4710-A0C9-6CDAE2B2F572}"
EndProject
Project("{9A19103F-16F7-4668-BE54-9A1E7A4F7556}") = "BsaTroop53Editor.Tests", "BsaTroop53Editor.Tests\BsaTroop53Editor.Tests.csproj", "{6A29E658-1A5E-4C4C-81E5-2413C0258EF1}"
EndProject
Project("{D954291E-2A0B-460D-934E-DC6B0785DB48}") = "SethCS", "..\SethCS\SethCS\SethCS.shproj", "{52089274-B9A2-4A47-A221-C321DEE1CE7F}"
EndProject
Project("{9A19103F-16F7-4668-BE54-9A1E7A4F7556}") = "LibSethCS", "..\SethCS\LibSethCS\LibSethCS.csproj", "{C87432C9-7705-4A42-B2F6-B2DD97334412}"
EndProject
Global
	GlobalSection(SolutionConfigurationPlatforms) = preSolution
		Debug|Any CPU = Debug|Any CPU
		Release|Any CPU = Release|Any CPU
	EndGlobalSection
	GlobalSection(ProjectConfigurationPlatforms) = postSolution
		{DA85CFA9-2532-40A3-A20A-B14CABD89363}.Debug|Any CPU.ActiveCfg = Debug|Any CPU
		{DA85CFA9-2532-40A3-A20A-B14CABD89363}.Debug|Any CPU.Build.0 = Debug|Any CPU
		{DA85CFA9-2532-40A3-A20A-B14CABD89363}.Release|Any CPU.ActiveCfg = Release|Any CPU
		{DA85CFA9-2532-40A3-A20A-B14CABD89363}.Release|Any CPU.Build.0 = Release|Any CPU
		{13C1D19E-0B75-4710-A0C9-6CDAE2B2F572}.Debug|Any CPU.ActiveCfg = Debug|Any CPU
		{13C1D19E-0B75-4710-A0C9-6CDAE2B2F572}.Debug|Any CPU.Build.0 = Debug|Any CPU
		{13C1D19E-0B75-4710-A0C9-6CDAE2B2F572}.Release|Any CPU.ActiveCfg = Release|Any CPU
		{13C1D19E-0B75-4710-A0C9-6CDAE2B2F572}.Release|Any CPU.Build.0 = Release|Any CPU
		{6A29E658-1A5E-4C4C-81E5-2413C0258EF1}.Debug|Any CPU.ActiveCfg = Debug|Any CPU
		{6A29E658-1A5E-4C4C-81E5-2413C0258EF1}.Debug|Any CPU.Build.0 = Debug|Any CPU
		{6A29E658-1A5E-4C4C-81E5-2413C0258EF1}.Release|Any CPU.ActiveCfg = Release|Any CPU
		{6A29E658-1A5E-4C4C-81E5-2413C0258EF1}.Release|Any CPU.Build.0 = Release|Any CPU
		{C87432C9-7705-4A42-B2F6-B2DD97334412}.Debug|Any CPU.ActiveCfg = Debug|Any CPU
		{C87432C9-7705-4A42-B2F6-B2DD97334412}.Debug|Any CPU.Build.0 = Debug|Any CPU
		{C87432C9-7705-4A42-B2F6-B2DD97334412}.Release|Any CPU.ActiveCfg = Release|Any CPU
		{C87432C9-7705-4A42-B2F6-B2DD97334412}.Release|Any CPU.Build.0 = Release|Any CPU
	EndGlobalSection
	GlobalSection(SolutionProperties) = preSolution
		HideSolutionNode = FALSE
	EndGlobalSection
	GlobalSection(ExtensibilityGlobals) = postSolution
		SolutionGuid = {80218BED-B733-467C-919F-FA6DF0473EA5}
	EndGlobalSection
	GlobalSection(SharedMSBuildProjectFiles) = preSolution
		..\SethCS\SethCS\SethCS.projitems*{52089274-b9a2-4a47-a221-c321dee1ce7f}*SharedItemsImports = 13
		..\SethCS\SethCS\SethCS.projitems*{c87432c9-7705-4a42-b2f6-b2dd97334412}*SharedItemsImports = 5
	EndGlobalSection
EndGlobal
